
Microsoft Visual Studio Solution File, Format Version 10.00
# Visual Studio 2008
Project("{8BC9CEB8-8B4A-11D0-8D11-00A0C91BC942}") = "enumcallout", "enumcallout.vcproj", "{74BF9620-6809-488E-9840-158E1A47BBDB}"
EndProject
Global
	GlobalSection(SolutionConfigurationPlatforms) = preSolution
		Debug|Win32 = Debug|Win32
		Release|Win32 = Release|Win32
	EndGlobalSection
	GlobalSection(ProjectConfigurationPlatforms) = postSolution
		{74BF9620-6809-488E-9840-158E1A47BBDB}.Debug|Win32.ActiveCfg = Debug|Win32
		{74BF9620-6809-488E-9840-158E1A47BBDB}.Debug|Win32.Build.0 = Debug|Win32
		{74BF9620-6809-488E-9840-158E1A47BBDB}.Release|Win32.ActiveCfg = Release|Win32
		{74BF9620-6809-488E-9840-158E1A47BBDB}.Release|Win32.Build.0 = Release|Win32
	EndGlobalSection
	GlobalSection(SolutionProperties) = preSolution
		HideSolutionNode = FALSE
	EndGlobalSection
EndGlobal
